// !$*UTF8*$!
{
	archiveVersion = 1;
	classes = {
	};
	objectVersion = 56;
	objects = {

/* Begin PBXBuildFile section */
		454809B52AF9CB550032E18B /* main.swift in Sources */ = {isa = PBXBuildFile; fileRef = 454809B42AF9CB550032E18B /* main.swift */; };
/* End PBXBuildFile section */

/* Begin PBXCopyFilesBuildPhase section */
		454809AF2AF9CB550032E18B /* CopyFiles */ = {
			isa = PBXCopyFilesBuildPhase;
			buildActionMask = 2147483647;
			dstPath = /usr/share/man/man1/;
			dstSubfolderSpec = 0;
			files = (
			);
			runOnlyForDeploymentPostprocessing = 1;
		};
/* End PBXCopyFilesBuildPhase section */

/* Begin PBXFileReference section */
		4532F8342AFD2A16003E1B7C /* BOJ1406.swift */ = {isa = PBXFileReference; lastKnownFileType = sourcecode.swift; path = BOJ1406.swift; sourceTree = "<group>"; };
		454809B12AF9CB550032E18B /* Algorithm */ = {isa = PBXFileReference; explicitFileType = "compiled.mach-o.executable"; includeInIndex = 0; path = Algorithm; sourceTree = BUILT_PRODUCTS_DIR; };
		454809B42AF9CB550032E18B /* main.swift */ = {isa = PBXFileReference; lastKnownFileType = sourcecode.swift; path = main.swift; sourceTree = "<group>"; };
		454809BB2AF9CB740032E18B /* BOJ10808.swift */ = {isa = PBXFileReference; lastKnownFileType = sourcecode.swift; path = BOJ10808.swift; sourceTree = "<group>"; };
		454809BD2AF9CC1F0032E18B /* BOJ2577.swift */ = {isa = PBXFileReference; lastKnownFileType = sourcecode.swift; path = BOJ2577.swift; sourceTree = "<group>"; };
		454809C02AF9CCE90032E18B /* BOJ1475.swift */ = {isa = PBXFileReference; lastKnownFileType = sourcecode.swift; path = BOJ1475.swift; sourceTree = "<group>"; };
		454809C22AF9CD500032E18B /* BOJ3273.swift */ = {isa = PBXFileReference; lastKnownFileType = sourcecode.swift; path = BOJ3273.swift; sourceTree = "<group>"; };
		454809CA2AFA4CF10032E18B /* BOJ10807.swift */ = {isa = PBXFileReference; lastKnownFileType = sourcecode.swift; path = BOJ10807.swift; sourceTree = "<group>"; };
		454809CC2AFA59570032E18B /* BOJ13300.swift */ = {isa = PBXFileReference; lastKnownFileType = sourcecode.swift; path = BOJ13300.swift; sourceTree = "<group>"; };
		45D318D82AFB11F1004E1FBE /* BOJ11328.swift */ = {isa = PBXFileReference; lastKnownFileType = sourcecode.swift; path = BOJ11328.swift; sourceTree = "<group>"; };
		45D318DA2AFB1F50004E1FBE /* BOJ1919.swift */ = {isa = PBXFileReference; lastKnownFileType = sourcecode.swift; path = BOJ1919.swift; sourceTree = "<group>"; };
		45ED8DE52AFE227000724D09 /* BOJ10813.swift */ = {isa = PBXFileReference; lastKnownFileType = sourcecode.swift; path = BOJ10813.swift; sourceTree = "<group>"; };
		45ED8DE72AFE245800724D09 /* BOJ3052.swift */ = {isa = PBXFileReference; lastKnownFileType = sourcecode.swift; path = BOJ3052.swift; sourceTree = "<group>"; };
		45ED8DE92AFE27B000724D09 /* BOJ10811.swift */ = {isa = PBXFileReference; lastKnownFileType = sourcecode.swift; path = BOJ10811.swift; sourceTree = "<group>"; };
		45ED8DEB2AFE29E200724D09 /* BOJ1546.swift */ = {isa = PBXFileReference; lastKnownFileType = sourcecode.swift; path = BOJ1546.swift; sourceTree = "<group>"; };
/* End PBXFileReference section */

/* Begin PBXFrameworksBuildPhase section */
		454809AE2AF9CB550032E18B /* Frameworks */ = {
			isa = PBXFrameworksBuildPhase;
			buildActionMask = 2147483647;
			files = (
			);
			runOnlyForDeploymentPostprocessing = 0;
		};
/* End PBXFrameworksBuildPhase section */

/* Begin PBXGroup section */
		454809A82AF9CB550032E18B = {
			isa = PBXGroup;
			children = (
				454809B32AF9CB550032E18B /* Algorithm */,
				454809B22AF9CB550032E18B /* Products */,
			);
			sourceTree = "<group>";
		};
		454809B22AF9CB550032E18B /* Products */ = {
			isa = PBXGroup;
			children = (
				454809B12AF9CB550032E18B /* Algorithm */,
			);
			name = Products;
			sourceTree = "<group>";
		};
		454809B32AF9CB550032E18B /* Algorithm */ = {
			isa = PBXGroup;
			children = (
				454809B42AF9CB550032E18B /* main.swift */,
				454809BB2AF9CB740032E18B /* BOJ10808.swift */,
				454809BD2AF9CC1F0032E18B /* BOJ2577.swift */,
				454809C02AF9CCE90032E18B /* BOJ1475.swift */,
				454809C22AF9CD500032E18B /* BOJ3273.swift */,
				454809CA2AFA4CF10032E18B /* BOJ10807.swift */,
				454809CC2AFA59570032E18B /* BOJ13300.swift */,
				45D318D82AFB11F1004E1FBE /* BOJ11328.swift */,
				45D318DA2AFB1F50004E1FBE /* BOJ1919.swift */,
				4532F8342AFD2A16003E1B7C /* BOJ1406.swift */,
				45ED8DE52AFE227000724D09 /* BOJ10813.swift */,
				45ED8DE72AFE245800724D09 /* BOJ3052.swift */,
				45ED8DE92AFE27B000724D09 /* BOJ10811.swift */,
				45ED8DEB2AFE29E200724D09 /* BOJ1546.swift */,
			);
			path = Algorithm;
			sourceTree = "<group>";
		};
/* End PBXGroup section */

/* Begin PBXNativeTarget section */
		454809B02AF9CB550032E18B /* Algorithm */ = {
			isa = PBXNativeTarget;
			buildConfigurationList = 454809B82AF9CB550032E18B /* Build configuration list for PBXNativeTarget "Algorithm" */;
			buildPhases = (
				454809AD2AF9CB550032E18B /* Sources */,
				454809AE2AF9CB550032E18B /* Frameworks */,
				454809AF2AF9CB550032E18B /* CopyFiles */,
			);
			buildRules = (
			);
			dependencies = (
			);
			name = Algorithm;
			productName = Algorithm;
			productReference = 454809B12AF9CB550032E18B /* Algorithm */;
			productType = "com.apple.product-type.tool";
		};
/* End PBXNativeTarget section */

/* Begin PBXProject section */
		454809A92AF9CB550032E18B /* Project object */ = {
			isa = PBXProject;
			attributes = {
				BuildIndependentTargetsInParallel = 1;
				LastSwiftUpdateCheck = 1430;
				LastUpgradeCheck = 1430;
				TargetAttributes = {
					454809B02AF9CB550032E18B = {
						CreatedOnToolsVersion = 14.3.1;
					};
				};
			};
			buildConfigurationList = 454809AC2AF9CB550032E18B /* Build configuration list for PBXProject "Algorithm" */;
			compatibilityVersion = "Xcode 14.0";
			developmentRegion = en;
			hasScannedForEncodings = 0;
			knownRegions = (
				en,
				Base,
			);
			mainGroup = 454809A82AF9CB550032E18B;
			productRefGroup = 454809B22AF9CB550032E18B /* Products */;
			projectDirPath = "";
			projectRoot = "";
			targets = (
				454809B02AF9CB550032E18B /* Algorithm */,
			);
		};
/* End PBXProject section */

/* Begin PBXSourcesBuildPhase section */
		454809AD2AF9CB550032E18B /* Sources */ = {
			isa = PBXSourcesBuildPhase;
			buildActionMask = 2147483647;
			files = (
				454809B52AF9CB550032E18B /* main.swift in Sources */,
			);
			runOnlyForDeploymentPostprocessing = 0;
		};
/* End PBXSourcesBuildPhase section */

/* Begin XCBuildConfiguration section */
		454809B62AF9CB550032E18B /* Debug */ = {
			isa = XCBuildConfiguration;
			buildSettings = {
				ALWAYS_SEARCH_USER_PATHS = NO;
				CLANG_ANALYZER_NONNULL = YES;
				CLANG_ANALYZER_NUMBER_OBJECT_CONVERSION = YES_AGGRESSIVE;
				CLANG_CXX_LANGUAGE_STANDARD = "gnu++20";
				CLANG_ENABLE_MODULES = YES;
				CLANG_ENABLE_OBJC_ARC = YES;
				CLANG_ENABLE_OBJC_WEAK = YES;
				CLANG_WARN_BLOCK_CAPTURE_AUTORELEASING = YES;
				CLANG_WARN_BOOL_CONVERSION = YES;
				CLANG_WARN_COMMA = YES;
				CLANG_WARN_CONSTANT_CONVERSION = YES;
				CLANG_WARN_DEPRECATED_OBJC_IMPLEMENTATIONS = YES;
				CLANG_WARN_DIRECT_OBJC_ISA_USAGE = YES_ERROR;
				CLANG_WARN_DOCUMENTATION_COMMENTS = YES;
				CLANG_WARN_EMPTY_BODY = YES;
				CLANG_WARN_ENUM_CONVERSION = YES;
				CLANG_WARN_INFINITE_RECURSION = YES;
				CLANG_WARN_INT_CONVERSION = YES;
				CLANG_WARN_NON_LITERAL_NULL_CONVERSION = YES;
				CLANG_WARN_OBJC_IMPLICIT_RETAIN_SELF = YES;
				CLANG_WARN_OBJC_LITERAL_CONVERSION = YES;
				CLANG_WARN_OBJC_ROOT_CLASS = YES_ERROR;
				CLANG_WARN_QUOTED_INCLUDE_IN_FRAMEWORK_HEADER = YES;
				CLANG_WARN_RANGE_LOOP_ANALYSIS = YES;
				CLANG_WARN_STRICT_PROTOTYPES = YES;
				CLANG_WARN_SUSPICIOUS_MOVE = YES;
				CLANG_WARN_UNGUARDED_AVAILABILITY = YES_AGGRESSIVE;
				CLANG_WARN_UNREACHABLE_CODE = YES;
				CLANG_WARN__DUPLICATE_METHOD_MATCH = YES;
				COPY_PHASE_STRIP = NO;
				DEBUG_INFORMATION_FORMAT = dwarf;
				ENABLE_STRICT_OBJC_MSGSEND = YES;
				ENABLE_TESTABILITY = YES;
				GCC_C_LANGUAGE_STANDARD = gnu11;
				GCC_DYNAMIC_NO_PIC = NO;
				GCC_NO_COMMON_BLOCKS = YES;
				GCC_OPTIMIZATION_LEVEL = 0;
				GCC_PREPROCESSOR_DEFINITIONS = (
					"DEBUG=1",
					"$(inherited)",
				);
				GCC_WARN_64_TO_32_BIT_CONVERSION = YES;
				GCC_WARN_ABOUT_RETURN_TYPE = YES_ERROR;
				GCC_WARN_UNDECLARED_SELECTOR = YES;
				GCC_WARN_UNINITIALIZED_AUTOS = YES_AGGRESSIVE;
				GCC_WARN_UNUSED_FUNCTION = YES;
				GCC_WARN_UNUSED_VARIABLE = YES;
				MACOSX_DEPLOYMENT_TARGET = 13.0;
				MTL_ENABLE_DEBUG_INFO = INCLUDE_SOURCE;
				MTL_FAST_MATH = YES;
				ONLY_ACTIVE_ARCH = YES;
				SDKROOT = macosx;
				SWIFT_ACTIVE_COMPILATION_CONDITIONS = DEBUG;
				SWIFT_OPTIMIZATION_LEVEL = "-Onone";
			};
			name = Debug;
		};
		454809B72AF9CB550032E18B /* Release */ = {
			isa = XCBuildConfiguration;
			buildSettings = {
				ALWAYS_SEARCH_USER_PATHS = NO;
				CLANG_ANALYZER_NONNULL = YES;
				CLANG_ANALYZER_NUMBER_OBJECT_CONVERSION = YES_AGGRESSIVE;
				CLANG_CXX_LANGUAGE_STANDARD = "gnu++20";
				CLANG_ENABLE_MODULES = YES;
				CLANG_ENABLE_OBJC_ARC = YES;
				CLANG_ENABLE_OBJC_WEAK = YES;
				CLANG_WARN_BLOCK_CAPTURE_AUTORELEASING = YES;
				CLANG_WARN_BOOL_CONVERSION = YES;
				CLANG_WARN_COMMA = YES;
				CLANG_WARN_CONSTANT_CONVERSION = YES;
				CLANG_WARN_DEPRECATED_OBJC_IMPLEMENTATIONS = YES;
				CLANG_WARN_DIRECT_OBJC_ISA_USAGE = YES_ERROR;
				CLANG_WARN_DOCUMENTATION_COMMENTS = YES;
				CLANG_WARN_EMPTY_BODY = YES;
				CLANG_WARN_ENUM_CONVERSION = YES;
				CLANG_WARN_INFINITE_RECURSION = YES;
				CLANG_WARN_INT_CONVERSION = YES;
				CLANG_WARN_NON_LITERAL_NULL_CONVERSION = YES;
				CLANG_WARN_OBJC_IMPLICIT_RETAIN_SELF = YES;
				CLANG_WARN_OBJC_LITERAL_CONVERSION = YES;
				CLANG_WARN_OBJC_ROOT_CLASS = YES_ERROR;
				CLANG_WARN_QUOTED_INCLUDE_IN_FRAMEWORK_HEADER = YES;
				CLANG_WARN_RANGE_LOOP_ANALYSIS = YES;
				CLANG_WARN_STRICT_PROTOTYPES = YES;
				CLANG_WARN_SUSPICIOUS_MOVE = YES;
				CLANG_WARN_UNGUARDED_AVAILABILITY = YES_AGGRESSIVE;
				CLANG_WARN_UNREACHABLE_CODE = YES;
				CLANG_WARN__DUPLICATE_METHOD_MATCH = YES;
				COPY_PHASE_STRIP = NO;
				DEBUG_INFORMATION_FORMAT = "dwarf-with-dsym";
				ENABLE_NS_ASSERTIONS = NO;
				ENABLE_STRICT_OBJC_MSGSEND = YES;
				GCC_C_LANGUAGE_STANDARD = gnu11;
				GCC_NO_COMMON_BLOCKS = YES;
				GCC_WARN_64_TO_32_BIT_CONVERSION = YES;
				GCC_WARN_ABOUT_RETURN_TYPE = YES_ERROR;
				GCC_WARN_UNDECLARED_SELECTOR = YES;
				GCC_WARN_UNINITIALIZED_AUTOS = YES_AGGRESSIVE;
				GCC_WARN_UNUSED_FUNCTION = YES;
				GCC_WARN_UNUSED_VARIABLE = YES;
				MACOSX_DEPLOYMENT_TARGET = 13.0;
				MTL_ENABLE_DEBUG_INFO = NO;
				MTL_FAST_MATH = YES;
				SDKROOT = macosx;
				SWIFT_COMPILATION_MODE = wholemodule;
				SWIFT_OPTIMIZATION_LEVEL = "-O";
			};
			name = Release;
		};
		454809B92AF9CB550032E18B /* Debug */ = {
			isa = XCBuildConfiguration;
			buildSettings = {
				CODE_SIGN_STYLE = Automatic;
				PRODUCT_NAME = "$(TARGET_NAME)";
				SWIFT_VERSION = 5.0;
			};
			name = Debug;
		};
		454809BA2AF9CB550032E18B /* Release */ = {
			isa = XCBuildConfiguration;
			buildSettings = {
				CODE_SIGN_STYLE = Automatic;
				PRODUCT_NAME = "$(TARGET_NAME)";
				SWIFT_VERSION = 5.0;
			};
			name = Release;
		};
/* End XCBuildConfiguration section */

/* Begin XCConfigurationList section */
		454809AC2AF9CB550032E18B /* Build configuration list for PBXProject "Algorithm" */ = {
			isa = XCConfigurationList;
			buildConfigurations = (
				454809B62AF9CB550032E18B /* Debug */,
				454809B72AF9CB550032E18B /* Release */,
			);
			defaultConfigurationIsVisible = 0;
			defaultConfigurationName = Release;
		};
		454809B82AF9CB550032E18B /* Build configuration list for PBXNativeTarget "Algorithm" */ = {
			isa = XCConfigurationList;
			buildConfigurations = (
				454809B92AF9CB550032E18B /* Debug */,
				454809BA2AF9CB550032E18B /* Release */,
			);
			defaultConfigurationIsVisible = 0;
			defaultConfigurationName = Release;
		};
/* End XCConfigurationList section */
	};
	rootObject = 454809A92AF9CB550032E18B /* Project object */;
}
