// !$*UTF8*$!
{
	archiveVersion = 1;
	classes = {
	};
	objectVersion = 56;
	objects = {

/* Begin PBXBuildFile section */
		454809B52AF9CB550032E18B /* main.swift in Sources */ = {isa = PBXBuildFile; fileRef = 454809B42AF9CB550032E18B /* main.swift */; };
		45792D8E2B2B33AB00FBEAEF /* BOJ1629.swift in Sources */ = {isa = PBXBuildFile; fileRef = 45792D8D2B2B33AB00FBEAEF /* BOJ1629.swift */; };
		45792D902B2B33D500FBEAEF /* BOJ11729.swift in Sources */ = {isa = PBXBuildFile; fileRef = 45792D8F2B2B33D500FBEAEF /* BOJ11729.swift */; };
/* End PBXBuildFile section */

/* Begin PBXCopyFilesBuildPhase section */
		454809AF2AF9CB550032E18B /* CopyFiles */ = {
			isa = PBXCopyFilesBuildPhase;
			buildActionMask = 2147483647;
			dstPath = /usr/share/man/man1/;
			dstSubfolderSpec = 0;
			files = (
			);
			runOnlyForDeploymentPostprocessing = 1;
		};
/* End PBXCopyFilesBuildPhase section */

/* Begin PBXFileReference section */
		451F7AD32B886A9C005F76B6 /* BOJ11399.swift */ = {isa = PBXFileReference; lastKnownFileType = sourcecode.swift; path = BOJ11399.swift; sourceTree = "<group>"; };
		451F7AD52B886AB6005F76B6 /* BOJ2457.swift */ = {isa = PBXFileReference; lastKnownFileType = sourcecode.swift; path = BOJ2457.swift; sourceTree = "<group>"; };
		451F7AD72B886AD8005F76B6 /* BOJ1541.swift */ = {isa = PBXFileReference; lastKnownFileType = sourcecode.swift; path = BOJ1541.swift; sourceTree = "<group>"; };
		451F7AD92B886AEE005F76B6 /* BOJ11501.swift */ = {isa = PBXFileReference; lastKnownFileType = sourcecode.swift; path = BOJ11501.swift; sourceTree = "<group>"; };
		451F7ADB2B886B0B005F76B6 /* BOJ1744.swift */ = {isa = PBXFileReference; lastKnownFileType = sourcecode.swift; path = BOJ1744.swift; sourceTree = "<group>"; };
		451F7ADD2B886B21005F76B6 /* BOJ2847.swift */ = {isa = PBXFileReference; lastKnownFileType = sourcecode.swift; path = BOJ2847.swift; sourceTree = "<group>"; };
		451F7ADF2B886B38005F76B6 /* BOJ1439.swift */ = {isa = PBXFileReference; lastKnownFileType = sourcecode.swift; path = BOJ1439.swift; sourceTree = "<group>"; };
		4524FB3F2B08D47200E8B367 /* BOJ10845.swift */ = {isa = PBXFileReference; lastKnownFileType = sourcecode.swift; path = BOJ10845.swift; sourceTree = "<group>"; };
		4524FB412B08DB4500E8B367 /* BOJ18258.swift */ = {isa = PBXFileReference; lastKnownFileType = sourcecode.swift; path = BOJ18258.swift; sourceTree = "<group>"; };
		4524FB432B08DEE000E8B367 /* BOJ2164.swift */ = {isa = PBXFileReference; lastKnownFileType = sourcecode.swift; path = BOJ2164.swift; sourceTree = "<group>"; };
		4525864A2B3EDD4C00342B9C /* BOJ15657.swift */ = {isa = PBXFileReference; lastKnownFileType = sourcecode.swift; path = BOJ15657.swift; sourceTree = "<group>"; };
		4525864C2B3EE13D00342B9C /* BOJ15663.swift */ = {isa = PBXFileReference; lastKnownFileType = sourcecode.swift; path = BOJ15663.swift; sourceTree = "<group>"; };
		4525864E2B3EE20200342B9C /* BOJ15664.swift */ = {isa = PBXFileReference; lastKnownFileType = sourcecode.swift; path = BOJ15664.swift; sourceTree = "<group>"; };
		452586502B3EE28400342B9C /* BOJ15665.swift */ = {isa = PBXFileReference; lastKnownFileType = sourcecode.swift; path = BOJ15665.swift; sourceTree = "<group>"; };
		452586522B3EE30900342B9C /* BOJ15666.swift */ = {isa = PBXFileReference; lastKnownFileType = sourcecode.swift; path = BOJ15666.swift; sourceTree = "<group>"; };
		452586542B3EE9D300342B9C /* BOJ1759.swift */ = {isa = PBXFileReference; lastKnownFileType = sourcecode.swift; path = BOJ1759.swift; sourceTree = "<group>"; };
		452695052B02FECE006C9BD3 /* BOJ10773.swift */ = {isa = PBXFileReference; lastKnownFileType = sourcecode.swift; path = BOJ10773.swift; sourceTree = "<group>"; };
		452695072B034D3E006C9BD3 /* BOJ1874.swift */ = {isa = PBXFileReference; lastKnownFileType = sourcecode.swift; path = BOJ1874.swift; sourceTree = "<group>"; };
		4532F8342AFD2A16003E1B7C /* BOJ1406.swift */ = {isa = PBXFileReference; lastKnownFileType = sourcecode.swift; path = BOJ1406.swift; sourceTree = "<group>"; };
		45384A202B7BA3AC0035F70C /* BOJ11047.swift */ = {isa = PBXFileReference; lastKnownFileType = sourcecode.swift; path = BOJ11047.swift; sourceTree = "<group>"; };
		45384A222B7BA3C90035F70C /* BOJ1931.swift */ = {isa = PBXFileReference; lastKnownFileType = sourcecode.swift; path = BOJ1931.swift; sourceTree = "<group>"; };
		45384A242B7BA3DE0035F70C /* BOJ2217.swift */ = {isa = PBXFileReference; lastKnownFileType = sourcecode.swift; path = BOJ2217.swift; sourceTree = "<group>"; };
		45384A262B7BA5650035F70C /* BOJ1026.swift */ = {isa = PBXFileReference; lastKnownFileType = sourcecode.swift; path = BOJ1026.swift; sourceTree = "<group>"; };
		453C3C502B6BC0090084CED1 /* BOJ14002.swift */ = {isa = PBXFileReference; lastKnownFileType = sourcecode.swift; path = BOJ14002.swift; sourceTree = "<group>"; };
		453C3C522B6D05170084CED1 /* BOJ15988.swift */ = {isa = PBXFileReference; lastKnownFileType = sourcecode.swift; path = BOJ15988.swift; sourceTree = "<group>"; };
		453C3C542B6D05320084CED1 /* BOJ2156.swift */ = {isa = PBXFileReference; lastKnownFileType = sourcecode.swift; path = BOJ2156.swift; sourceTree = "<group>"; };
		454320522B4BE07300EC81C2 /* BOJ18808.swift */ = {isa = PBXFileReference; lastKnownFileType = sourcecode.swift; path = BOJ18808.swift; sourceTree = "<group>"; };
		4544EEAE2B46CCD70017F4CE /* BOJ16987.swift */ = {isa = PBXFileReference; lastKnownFileType = sourcecode.swift; path = BOJ16987.swift; sourceTree = "<group>"; };
		454643A92B2D7B7100455D55 /* BOJ1074.swift */ = {isa = PBXFileReference; lastKnownFileType = sourcecode.swift; path = BOJ1074.swift; sourceTree = "<group>"; };
		454643AB2B2D7B8D00455D55 /* BOJ17478.swift */ = {isa = PBXFileReference; lastKnownFileType = sourcecode.swift; path = BOJ17478.swift; sourceTree = "<group>"; };
		454643AD2B2D7BB200455D55 /* BOJ1780.swift */ = {isa = PBXFileReference; lastKnownFileType = sourcecode.swift; path = BOJ1780.swift; sourceTree = "<group>"; };
		454643AF2B2D7BCF00455D55 /* BOJ2630.swift */ = {isa = PBXFileReference; lastKnownFileType = sourcecode.swift; path = BOJ2630.swift; sourceTree = "<group>"; };
		454643B12B2D7FD800455D55 /* BOJ1992.swift */ = {isa = PBXFileReference; lastKnownFileType = sourcecode.swift; path = BOJ1992.swift; sourceTree = "<group>"; };
		454643B32B2D83AC00455D55 /* BOJ2447.swift */ = {isa = PBXFileReference; lastKnownFileType = sourcecode.swift; path = BOJ2447.swift; sourceTree = "<group>"; };
		454809B12AF9CB550032E18B /* Algorithm */ = {isa = PBXFileReference; explicitFileType = "compiled.mach-o.executable"; includeInIndex = 0; path = Algorithm; sourceTree = BUILT_PRODUCTS_DIR; };
		454809B42AF9CB550032E18B /* main.swift */ = {isa = PBXFileReference; lastKnownFileType = sourcecode.swift; path = main.swift; sourceTree = "<group>"; };
		454809BB2AF9CB740032E18B /* BOJ10808.swift */ = {isa = PBXFileReference; lastKnownFileType = sourcecode.swift; path = BOJ10808.swift; sourceTree = "<group>"; };
		454809BD2AF9CC1F0032E18B /* BOJ2577.swift */ = {isa = PBXFileReference; lastKnownFileType = sourcecode.swift; path = BOJ2577.swift; sourceTree = "<group>"; };
		454809C02AF9CCE90032E18B /* BOJ1475.swift */ = {isa = PBXFileReference; lastKnownFileType = sourcecode.swift; path = BOJ1475.swift; sourceTree = "<group>"; };
		454809C22AF9CD500032E18B /* BOJ3273.swift */ = {isa = PBXFileReference; lastKnownFileType = sourcecode.swift; path = BOJ3273.swift; sourceTree = "<group>"; };
		454809CA2AFA4CF10032E18B /* BOJ10807.swift */ = {isa = PBXFileReference; lastKnownFileType = sourcecode.swift; path = BOJ10807.swift; sourceTree = "<group>"; };
		454809CC2AFA59570032E18B /* BOJ13300.swift */ = {isa = PBXFileReference; lastKnownFileType = sourcecode.swift; path = BOJ13300.swift; sourceTree = "<group>"; };
		456138BA2B4C288B0065352E /* BOJ1431.swift */ = {isa = PBXFileReference; lastKnownFileType = sourcecode.swift; path = BOJ1431.swift; sourceTree = "<group>"; };
		456138BC2B4C2A240065352E /* BOJ11652.swift */ = {isa = PBXFileReference; lastKnownFileType = sourcecode.swift; path = BOJ11652.swift; sourceTree = "<group>"; };
		456138BE2B4C335A0065352E /* BOJ5648.swift */ = {isa = PBXFileReference; lastKnownFileType = sourcecode.swift; path = BOJ5648.swift; sourceTree = "<group>"; };
		456138C02B4C375C0065352E /* BOJ1181.swift */ = {isa = PBXFileReference; lastKnownFileType = sourcecode.swift; path = BOJ1181.swift; sourceTree = "<group>"; };
		456138C22B4CD7DD0065352E /* BOJ2910.swift */ = {isa = PBXFileReference; lastKnownFileType = sourcecode.swift; path = BOJ2910.swift; sourceTree = "<group>"; };
		4566497C2B15600300F6B1AB /* BOJ2504.swift */ = {isa = PBXFileReference; lastKnownFileType = sourcecode.swift; path = BOJ2504.swift; sourceTree = "<group>"; };
		456800512B1EB58B00387794 /* BOJ4179.swift */ = {isa = PBXFileReference; lastKnownFileType = sourcecode.swift; path = BOJ4179.swift; sourceTree = "<group>"; };
		456800532B1EC0E700387794 /* BOJ1697.swift */ = {isa = PBXFileReference; lastKnownFileType = sourcecode.swift; path = BOJ1697.swift; sourceTree = "<group>"; };
		456800552B1ECB1400387794 /* BOJ1012.swift */ = {isa = PBXFileReference; lastKnownFileType = sourcecode.swift; path = BOJ1012.swift; sourceTree = "<group>"; };
		456800572B1EFB2800387794 /* BOJ10026.swift */ = {isa = PBXFileReference; lastKnownFileType = sourcecode.swift; path = BOJ10026.swift; sourceTree = "<group>"; };
		456800592B1F045800387794 /* BOJ7569.swift */ = {isa = PBXFileReference; lastKnownFileType = sourcecode.swift; path = BOJ7569.swift; sourceTree = "<group>"; };
		456A426A2B01FE140075585D /* BOJ10828.swift */ = {isa = PBXFileReference; lastKnownFileType = sourcecode.swift; path = BOJ10828.swift; sourceTree = "<group>"; };
		456D7B5D2B62599A000C3775 /* BOJ1463.swift */ = {isa = PBXFileReference; lastKnownFileType = sourcecode.swift; path = BOJ1463.swift; sourceTree = "<group>"; };
		456D7B5F2B6259BA000C3775 /* BOJ9095.swift */ = {isa = PBXFileReference; lastKnownFileType = sourcecode.swift; path = BOJ9095.swift; sourceTree = "<group>"; };
		456D7B612B6259DC000C3775 /* BOJ2579.swift */ = {isa = PBXFileReference; lastKnownFileType = sourcecode.swift; path = BOJ2579.swift; sourceTree = "<group>"; };
		456D7B632B6259F8000C3775 /* BOJ1003.swift */ = {isa = PBXFileReference; lastKnownFileType = sourcecode.swift; path = BOJ1003.swift; sourceTree = "<group>"; };
		456D7B652B625A0D000C3775 /* BOJ1932.swift */ = {isa = PBXFileReference; lastKnownFileType = sourcecode.swift; path = BOJ1932.swift; sourceTree = "<group>"; };
		456D7B672B625A23000C3775 /* BOJ1912.swift */ = {isa = PBXFileReference; lastKnownFileType = sourcecode.swift; path = BOJ1912.swift; sourceTree = "<group>"; };
		456D7B692B625A3C000C3775 /* BOJ11055.swift */ = {isa = PBXFileReference; lastKnownFileType = sourcecode.swift; path = BOJ11055.swift; sourceTree = "<group>"; };
		456D7B6B2B625A56000C3775 /* BOJ14501.swift */ = {isa = PBXFileReference; lastKnownFileType = sourcecode.swift; path = BOJ14501.swift; sourceTree = "<group>"; };
		456D7B6D2B625A94000C3775 /* BOJ15486.swift */ = {isa = PBXFileReference; lastKnownFileType = sourcecode.swift; path = BOJ15486.swift; sourceTree = "<group>"; };
		456D7B6F2B625C30000C3775 /* BOJ11053.swift */ = {isa = PBXFileReference; lastKnownFileType = sourcecode.swift; path = BOJ11053.swift; sourceTree = "<group>"; };
		456D7B712B62651A000C3775 /* BOJ9461.swift */ = {isa = PBXFileReference; lastKnownFileType = sourcecode.swift; path = BOJ9461.swift; sourceTree = "<group>"; };
		45792D8D2B2B33AB00FBEAEF /* BOJ1629.swift */ = {isa = PBXFileReference; lastKnownFileType = sourcecode.swift; path = BOJ1629.swift; sourceTree = "<group>"; };
		45792D8F2B2B33D500FBEAEF /* BOJ11729.swift */ = {isa = PBXFileReference; lastKnownFileType = sourcecode.swift; path = BOJ11729.swift; sourceTree = "<group>"; };
		457D4B342B21B69900F0371F /* BOJ7562.swift */ = {isa = PBXFileReference; lastKnownFileType = sourcecode.swift; path = BOJ7562.swift; sourceTree = "<group>"; };
		457D4B362B21BBF800F0371F /* BOJ5427.swift */ = {isa = PBXFileReference; lastKnownFileType = sourcecode.swift; path = BOJ5427.swift; sourceTree = "<group>"; };
		457D7E832B66288200BFE7D0 /* BOJ9251.swift */ = {isa = PBXFileReference; lastKnownFileType = sourcecode.swift; path = BOJ9251.swift; sourceTree = "<group>"; };
		457D7E852B662DF800BFE7D0 /* BOJ2193.swift */ = {isa = PBXFileReference; lastKnownFileType = sourcecode.swift; path = BOJ2193.swift; sourceTree = "<group>"; };
		457D7E872B662E1400BFE7D0 /* BOJ11727.swift */ = {isa = PBXFileReference; lastKnownFileType = sourcecode.swift; path = BOJ11727.swift; sourceTree = "<group>"; };
		457D7E892B663B8200BFE7D0 /* BOJ10844.swift */ = {isa = PBXFileReference; lastKnownFileType = sourcecode.swift; path = BOJ10844.swift; sourceTree = "<group>"; };
		457D7E8B2B663B9400BFE7D0 /* BOJ2748.swift */ = {isa = PBXFileReference; lastKnownFileType = sourcecode.swift; path = BOJ2748.swift; sourceTree = "<group>"; };
		45922D992B8C4B4300338A85 /* BOJ15903.swift */ = {isa = PBXFileReference; lastKnownFileType = sourcecode.swift; path = BOJ15903.swift; sourceTree = "<group>"; };
		4595349E2B10238300248A06 /* BOJ10866.swift */ = {isa = PBXFileReference; fileEncoding = 4; lastKnownFileType = sourcecode.swift; path = BOJ10866.swift; sourceTree = "<group>"; };
		4595349F2B10238300248A06 /* BOJ5430.swift */ = {isa = PBXFileReference; fileEncoding = 4; lastKnownFileType = sourcecode.swift; path = BOJ5430.swift; sourceTree = "<group>"; };
		459534A02B10238300248A06 /* BOJ1021.swift */ = {isa = PBXFileReference; fileEncoding = 4; lastKnownFileType = sourcecode.swift; path = BOJ1021.swift; sourceTree = "<group>"; };
		45A15D992B4444F4000D0226 /* BOJ1941.swift */ = {isa = PBXFileReference; lastKnownFileType = sourcecode.swift; path = BOJ1941.swift; sourceTree = "<group>"; };
		45A41A882B187354008CC0C3 /* BOJ2178.swift */ = {isa = PBXFileReference; lastKnownFileType = sourcecode.swift; path = BOJ2178.swift; sourceTree = "<group>"; };
		45A41A8A2B18C1DD008CC0C3 /* BOJ7576.swift */ = {isa = PBXFileReference; lastKnownFileType = sourcecode.swift; path = BOJ7576.swift; sourceTree = "<group>"; };
		45B679E72B4E661700AE1AC5 /* BOJ11656.swift */ = {isa = PBXFileReference; lastKnownFileType = sourcecode.swift; path = BOJ11656.swift; sourceTree = "<group>"; };
		45B679E92B4E666D00AE1AC5 /* BOJ10814.swift */ = {isa = PBXFileReference; lastKnownFileType = sourcecode.swift; path = BOJ10814.swift; sourceTree = "<group>"; };
		45B679EB2B4E6A7600AE1AC5 /* BOJ10825.swift */ = {isa = PBXFileReference; lastKnownFileType = sourcecode.swift; path = BOJ10825.swift; sourceTree = "<group>"; };
		45B679ED2B4E6D7A00AE1AC5 /* BOJ7795.swift */ = {isa = PBXFileReference; lastKnownFileType = sourcecode.swift; path = BOJ7795.swift; sourceTree = "<group>"; };
		45BB4E1D2B01ABF600D6ACB8 /* BOJ2346.swift */ = {isa = PBXFileReference; lastKnownFileType = sourcecode.swift; path = BOJ2346.swift; sourceTree = "<group>"; };
		45C10B132B77A63700638FA3 /* BOJ2302.swift */ = {isa = PBXFileReference; lastKnownFileType = sourcecode.swift; path = BOJ2302.swift; sourceTree = "<group>"; };
		45C10B152B77A65000638FA3 /* BOJ11052.swift */ = {isa = PBXFileReference; lastKnownFileType = sourcecode.swift; path = BOJ11052.swift; sourceTree = "<group>"; };
		45C10B172B77A66B00638FA3 /* BOJ9465.swift */ = {isa = PBXFileReference; lastKnownFileType = sourcecode.swift; path = BOJ9465.swift; sourceTree = "<group>"; };
		45C10B192B77A68F00638FA3 /* BOJ11057.swift */ = {isa = PBXFileReference; lastKnownFileType = sourcecode.swift; path = BOJ11057.swift; sourceTree = "<group>"; };
		45C10B1B2B77A6B000638FA3 /* BOJ2293.swift */ = {isa = PBXFileReference; lastKnownFileType = sourcecode.swift; path = BOJ2293.swift; sourceTree = "<group>"; };
		45C10B1D2B77A6CA00638FA3 /* BOJ1904.swift */ = {isa = PBXFileReference; lastKnownFileType = sourcecode.swift; path = BOJ1904.swift; sourceTree = "<group>"; };
		45C10B1F2B77AC3400638FA3 /* BOJ1788.swift */ = {isa = PBXFileReference; lastKnownFileType = sourcecode.swift; path = BOJ1788.swift; sourceTree = "<group>"; };
		45C10B212B77B39400638FA3 /* BOJ4883.swift */ = {isa = PBXFileReference; lastKnownFileType = sourcecode.swift; path = BOJ4883.swift; sourceTree = "<group>"; };
		45CC1CD12B00EE8600797A5C /* BOJ5397.swift */ = {isa = PBXFileReference; lastKnownFileType = sourcecode.swift; path = BOJ5397.swift; sourceTree = "<group>"; };
		45CC1CD32B00FB4000797A5C /* BOJ1158.swift */ = {isa = PBXFileReference; lastKnownFileType = sourcecode.swift; path = BOJ1158.swift; sourceTree = "<group>"; };
		45D318D82AFB11F1004E1FBE /* BOJ11328.swift */ = {isa = PBXFileReference; lastKnownFileType = sourcecode.swift; path = BOJ11328.swift; sourceTree = "<group>"; };
		45D318DA2AFB1F50004E1FBE /* BOJ1919.swift */ = {isa = PBXFileReference; lastKnownFileType = sourcecode.swift; path = BOJ1919.swift; sourceTree = "<group>"; };
		45DF509B2B32D8FB00F0C9A3 /* BOJ2448.swift */ = {isa = PBXFileReference; lastKnownFileType = sourcecode.swift; path = BOJ2448.swift; sourceTree = "<group>"; };
		45DF509E2B32ECF900F0C9A3 /* BOJ15649.swift */ = {isa = PBXFileReference; lastKnownFileType = sourcecode.swift; path = BOJ15649.swift; sourceTree = "<group>"; };
		45DF50A02B32ED0E00F0C9A3 /* BOJ9663.swift */ = {isa = PBXFileReference; lastKnownFileType = sourcecode.swift; path = BOJ9663.swift; sourceTree = "<group>"; };
		45DF50A22B341B9D00F0C9A3 /* BOJ1182.swift */ = {isa = PBXFileReference; lastKnownFileType = sourcecode.swift; path = BOJ1182.swift; sourceTree = "<group>"; };
		45DF50A42B3689D800F0C9A3 /* BOJ6603.swift */ = {isa = PBXFileReference; lastKnownFileType = sourcecode.swift; path = BOJ6603.swift; sourceTree = "<group>"; };
		45DF50A62B368BD000F0C9A3 /* BOJ15650.swift */ = {isa = PBXFileReference; lastKnownFileType = sourcecode.swift; path = BOJ15650.swift; sourceTree = "<group>"; };
		45E741FA2B0647AF0099DFB9 /* BOJ17298.swift */ = {isa = PBXFileReference; lastKnownFileType = sourcecode.swift; path = BOJ17298.swift; sourceTree = "<group>"; };
		45E741FC2B0648290099DFB9 /* BOJ2493.swift */ = {isa = PBXFileReference; lastKnownFileType = sourcecode.swift; path = BOJ2493.swift; sourceTree = "<group>"; };
		45E741FE2B064D390099DFB9 /* BOJ6198.swift */ = {isa = PBXFileReference; lastKnownFileType = sourcecode.swift; path = BOJ6198.swift; sourceTree = "<group>"; };
		45E9861B2B4AA5CC0007A14C /* BOJ15683.swift */ = {isa = PBXFileReference; lastKnownFileType = sourcecode.swift; path = BOJ15683.swift; sourceTree = "<group>"; };
		45ED45D72B16D7680027A4C4 /* BOJ1926.swift */ = {isa = PBXFileReference; lastKnownFileType = sourcecode.swift; path = BOJ1926.swift; sourceTree = "<group>"; };
		45ED8DE52AFE227000724D09 /* BOJ10813.swift */ = {isa = PBXFileReference; lastKnownFileType = sourcecode.swift; path = BOJ10813.swift; sourceTree = "<group>"; };
		45ED8DE72AFE245800724D09 /* BOJ3052.swift */ = {isa = PBXFileReference; lastKnownFileType = sourcecode.swift; path = BOJ3052.swift; sourceTree = "<group>"; };
		45ED8DE92AFE27B000724D09 /* BOJ10811.swift */ = {isa = PBXFileReference; lastKnownFileType = sourcecode.swift; path = BOJ10811.swift; sourceTree = "<group>"; };
		45ED8DEB2AFE29E200724D09 /* BOJ1546.swift */ = {isa = PBXFileReference; lastKnownFileType = sourcecode.swift; path = BOJ1546.swift; sourceTree = "<group>"; };
		45F43DFC2B132C7A0035C0AD /* BOJ4949.swift */ = {isa = PBXFileReference; lastKnownFileType = sourcecode.swift; path = BOJ4949.swift; sourceTree = "<group>"; };
		45F43DFE2B132EB00035C0AD /* BOJ3986.swift */ = {isa = PBXFileReference; lastKnownFileType = sourcecode.swift; path = BOJ3986.swift; sourceTree = "<group>"; };
		45F43E002B1330360035C0AD /* BOJ9012.swift */ = {isa = PBXFileReference; lastKnownFileType = sourcecode.swift; path = BOJ9012.swift; sourceTree = "<group>"; };
		45F43E022B1335F60035C0AD /* BOJ10799.swift */ = {isa = PBXFileReference; lastKnownFileType = sourcecode.swift; path = BOJ10799.swift; sourceTree = "<group>"; };
		45F880132B21EF5E00615781 /* BOJ 2206.swift */ = {isa = PBXFileReference; lastKnownFileType = sourcecode.swift; path = "BOJ 2206.swift"; sourceTree = "<group>"; };
		45F910972B3B064D007B1D39 /* BOJ15651.swift */ = {isa = PBXFileReference; lastKnownFileType = sourcecode.swift; path = BOJ15651.swift; sourceTree = "<group>"; };
		45F910992B3B078A007B1D39 /* BOJ15652.swift */ = {isa = PBXFileReference; lastKnownFileType = sourcecode.swift; path = BOJ15652.swift; sourceTree = "<group>"; };
		45F9109B2B3BF6CD007B1D39 /* BOJ15654.swift */ = {isa = PBXFileReference; lastKnownFileType = sourcecode.swift; path = BOJ15654.swift; sourceTree = "<group>"; };
		45F9109D2B3BF75A007B1D39 /* BOJ15655.swift */ = {isa = PBXFileReference; lastKnownFileType = sourcecode.swift; path = BOJ15655.swift; sourceTree = "<group>"; };
		45F9109F2B3BFA2A007B1D39 /* BOJ15656.swift */ = {isa = PBXFileReference; lastKnownFileType = sourcecode.swift; path = BOJ15656.swift; sourceTree = "<group>"; };
/* End PBXFileReference section */

/* Begin PBXFrameworksBuildPhase section */
		454809AE2AF9CB550032E18B /* Frameworks */ = {
			isa = PBXFrameworksBuildPhase;
			buildActionMask = 2147483647;
			files = (
			);
			runOnlyForDeploymentPostprocessing = 0;
		};
/* End PBXFrameworksBuildPhase section */

/* Begin PBXGroup section */
		4524FB3E2B08BF7200E8B367 /* 0x06 */ = {
			isa = PBXGroup;
			children = (
				4524FB3F2B08D47200E8B367 /* BOJ10845.swift */,
				4524FB412B08DB4500E8B367 /* BOJ18258.swift */,
				4524FB432B08DEE000E8B367 /* BOJ2164.swift */,
			);
			path = 0x06;
			sourceTree = "<group>";
		};
		45384A1F2B7BA3530035F70C /* 0x11 */ = {
			isa = PBXGroup;
			children = (
				45384A202B7BA3AC0035F70C /* BOJ11047.swift */,
				45384A222B7BA3C90035F70C /* BOJ1931.swift */,
				45384A242B7BA3DE0035F70C /* BOJ2217.swift */,
				45384A262B7BA5650035F70C /* BOJ1026.swift */,
				451F7AD32B886A9C005F76B6 /* BOJ11399.swift */,
				451F7AD52B886AB6005F76B6 /* BOJ2457.swift */,
				451F7AD72B886AD8005F76B6 /* BOJ1541.swift */,
				451F7AD92B886AEE005F76B6 /* BOJ11501.swift */,
				451F7ADB2B886B0B005F76B6 /* BOJ1744.swift */,
				451F7ADD2B886B21005F76B6 /* BOJ2847.swift */,
				451F7ADF2B886B38005F76B6 /* BOJ1439.swift */,
				45922D992B8C4B4300338A85 /* BOJ15903.swift */,
			);
			path = 0x11;
			sourceTree = "<group>";
		};
		454809A82AF9CB550032E18B = {
			isa = PBXGroup;
			children = (
				454809B32AF9CB550032E18B /* Algorithm */,
				454809B22AF9CB550032E18B /* Products */,
			);
			sourceTree = "<group>";
		};
		454809B22AF9CB550032E18B /* Products */ = {
			isa = PBXGroup;
			children = (
				454809B12AF9CB550032E18B /* Algorithm */,
			);
			name = Products;
			sourceTree = "<group>";
		};
		454809B32AF9CB550032E18B /* Algorithm */ = {
			isa = PBXGroup;
			children = (
				454809B42AF9CB550032E18B /* main.swift */,
				45E742002B064D740099DFB9 /* 0x03 */,
				45E742012B064DB20099DFB9 /* 0x04 */,
				45E742022B064E0D0099DFB9 /* 0x05 */,
				4524FB3E2B08BF7200E8B367 /* 0x06 */,
				4595349D2B10238300248A06 /* 0x07 */,
				45F43DFB2B132C510035C0AD /* 0x08 */,
				45ED45D62B16D73A0027A4C4 /* 0x09 */,
				45792D8C2B2B339100FBEAEF /* 0x0B */,
				45DF509D2B32DD0C00F0C9A3 /* 0x0C */,
				45E9861A2B4AA5B40007A14C /* 0x0D */,
				456138B92B4C285F0065352E /* 0x0F */,
				456D7B5C2B625930000C3775 /* 0x10 */,
				45384A1F2B7BA3530035F70C /* 0x11 */,
			);
			path = Algorithm;
			sourceTree = "<group>";
		};
		456138B92B4C285F0065352E /* 0x0F */ = {
			isa = PBXGroup;
			children = (
				456138BA2B4C288B0065352E /* BOJ1431.swift */,
				456138BC2B4C2A240065352E /* BOJ11652.swift */,
				456138BE2B4C335A0065352E /* BOJ5648.swift */,
				456138C02B4C375C0065352E /* BOJ1181.swift */,
				456138C22B4CD7DD0065352E /* BOJ2910.swift */,
				45B679E92B4E666D00AE1AC5 /* BOJ10814.swift */,
				45B679E72B4E661700AE1AC5 /* BOJ11656.swift */,
				45B679EB2B4E6A7600AE1AC5 /* BOJ10825.swift */,
				45B679ED2B4E6D7A00AE1AC5 /* BOJ7795.swift */,
			);
			path = 0x0F;
			sourceTree = "<group>";
		};
		456D7B5C2B625930000C3775 /* 0x10 */ = {
			isa = PBXGroup;
			children = (
				456D7B5D2B62599A000C3775 /* BOJ1463.swift */,
				456D7B5F2B6259BA000C3775 /* BOJ9095.swift */,
				456D7B612B6259DC000C3775 /* BOJ2579.swift */,
				456D7B632B6259F8000C3775 /* BOJ1003.swift */,
				456D7B652B625A0D000C3775 /* BOJ1932.swift */,
				457D7E872B662E1400BFE7D0 /* BOJ11727.swift */,
				457D7E852B662DF800BFE7D0 /* BOJ2193.swift */,
				456D7B672B625A23000C3775 /* BOJ1912.swift */,
				456D7B692B625A3C000C3775 /* BOJ11055.swift */,
				456D7B6F2B625C30000C3775 /* BOJ11053.swift */,
				456D7B712B62651A000C3775 /* BOJ9461.swift */,
				456D7B6B2B625A56000C3775 /* BOJ14501.swift */,
				456D7B6D2B625A94000C3775 /* BOJ15486.swift */,
				457D7E832B66288200BFE7D0 /* BOJ9251.swift */,
				457D7E892B663B8200BFE7D0 /* BOJ10844.swift */,
				457D7E8B2B663B9400BFE7D0 /* BOJ2748.swift */,
				453C3C502B6BC0090084CED1 /* BOJ14002.swift */,
				453C3C522B6D05170084CED1 /* BOJ15988.swift */,
				453C3C542B6D05320084CED1 /* BOJ2156.swift */,
				45C10B132B77A63700638FA3 /* BOJ2302.swift */,
				45C10B152B77A65000638FA3 /* BOJ11052.swift */,
				45C10B172B77A66B00638FA3 /* BOJ9465.swift */,
				45C10B192B77A68F00638FA3 /* BOJ11057.swift */,
				45C10B1B2B77A6B000638FA3 /* BOJ2293.swift */,
				45C10B1D2B77A6CA00638FA3 /* BOJ1904.swift */,
				45C10B1F2B77AC3400638FA3 /* BOJ1788.swift */,
				45C10B212B77B39400638FA3 /* BOJ4883.swift */,
			);
			path = 0x10;
			sourceTree = "<group>";
		};
		45792D8C2B2B339100FBEAEF /* 0x0B */ = {
			isa = PBXGroup;
			children = (
				45792D8D2B2B33AB00FBEAEF /* BOJ1629.swift */,
				45792D8F2B2B33D500FBEAEF /* BOJ11729.swift */,
				454643A92B2D7B7100455D55 /* BOJ1074.swift */,
				454643AB2B2D7B8D00455D55 /* BOJ17478.swift */,
				454643AD2B2D7BB200455D55 /* BOJ1780.swift */,
				454643AF2B2D7BCF00455D55 /* BOJ2630.swift */,
				454643B12B2D7FD800455D55 /* BOJ1992.swift */,
				454643B32B2D83AC00455D55 /* BOJ2447.swift */,
				45DF509B2B32D8FB00F0C9A3 /* BOJ2448.swift */,
			);
			path = 0x0B;
			sourceTree = "<group>";
		};
		4595349D2B10238300248A06 /* 0x07 */ = {
			isa = PBXGroup;
			children = (
				4595349E2B10238300248A06 /* BOJ10866.swift */,
				4595349F2B10238300248A06 /* BOJ5430.swift */,
				459534A02B10238300248A06 /* BOJ1021.swift */,
			);
			path = 0x07;
			sourceTree = "<group>";
		};
		45DF509D2B32DD0C00F0C9A3 /* 0x0C */ = {
			isa = PBXGroup;
			children = (
				45DF509E2B32ECF900F0C9A3 /* BOJ15649.swift */,
				45DF50A02B32ED0E00F0C9A3 /* BOJ9663.swift */,
				45DF50A22B341B9D00F0C9A3 /* BOJ1182.swift */,
				45DF50A62B368BD000F0C9A3 /* BOJ15650.swift */,
				45DF50A42B3689D800F0C9A3 /* BOJ6603.swift */,
				45F910972B3B064D007B1D39 /* BOJ15651.swift */,
				45F910992B3B078A007B1D39 /* BOJ15652.swift */,
				45F9109B2B3BF6CD007B1D39 /* BOJ15654.swift */,
				45F9109D2B3BF75A007B1D39 /* BOJ15655.swift */,
				45F9109F2B3BFA2A007B1D39 /* BOJ15656.swift */,
				4525864A2B3EDD4C00342B9C /* BOJ15657.swift */,
				4525864C2B3EE13D00342B9C /* BOJ15663.swift */,
				4525864E2B3EE20200342B9C /* BOJ15664.swift */,
				452586502B3EE28400342B9C /* BOJ15665.swift */,
				452586522B3EE30900342B9C /* BOJ15666.swift */,
				452586542B3EE9D300342B9C /* BOJ1759.swift */,
				45A15D992B4444F4000D0226 /* BOJ1941.swift */,
				4544EEAE2B46CCD70017F4CE /* BOJ16987.swift */,
			);
			path = 0x0C;
			sourceTree = "<group>";
		};
		45E742002B064D740099DFB9 /* 0x03 */ = {
			isa = PBXGroup;
			children = (
				45ED8DE52AFE227000724D09 /* BOJ10813.swift */,
				45ED8DE72AFE245800724D09 /* BOJ3052.swift */,
				45ED8DE92AFE27B000724D09 /* BOJ10811.swift */,
				45ED8DEB2AFE29E200724D09 /* BOJ1546.swift */,
				454809BB2AF9CB740032E18B /* BOJ10808.swift */,
				454809BD2AF9CC1F0032E18B /* BOJ2577.swift */,
				454809C02AF9CCE90032E18B /* BOJ1475.swift */,
				454809C22AF9CD500032E18B /* BOJ3273.swift */,
				454809CA2AFA4CF10032E18B /* BOJ10807.swift */,
				454809CC2AFA59570032E18B /* BOJ13300.swift */,
				45D318D82AFB11F1004E1FBE /* BOJ11328.swift */,
				45D318DA2AFB1F50004E1FBE /* BOJ1919.swift */,
			);
			path = 0x03;
			sourceTree = "<group>";
		};
		45E742012B064DB20099DFB9 /* 0x04 */ = {
			isa = PBXGroup;
			children = (
				4532F8342AFD2A16003E1B7C /* BOJ1406.swift */,
				45CC1CD12B00EE8600797A5C /* BOJ5397.swift */,
				45CC1CD32B00FB4000797A5C /* BOJ1158.swift */,
				45BB4E1D2B01ABF600D6ACB8 /* BOJ2346.swift */,
			);
			path = 0x04;
			sourceTree = "<group>";
		};
		45E742022B064E0D0099DFB9 /* 0x05 */ = {
			isa = PBXGroup;
			children = (
				456A426A2B01FE140075585D /* BOJ10828.swift */,
				452695052B02FECE006C9BD3 /* BOJ10773.swift */,
				452695072B034D3E006C9BD3 /* BOJ1874.swift */,
				45E741FC2B0648290099DFB9 /* BOJ2493.swift */,
				45E741FA2B0647AF0099DFB9 /* BOJ17298.swift */,
				45E741FE2B064D390099DFB9 /* BOJ6198.swift */,
			);
			path = 0x05;
			sourceTree = "<group>";
		};
		45E9861A2B4AA5B40007A14C /* 0x0D */ = {
			isa = PBXGroup;
			children = (
				45E9861B2B4AA5CC0007A14C /* BOJ15683.swift */,
				454320522B4BE07300EC81C2 /* BOJ18808.swift */,
			);
			path = 0x0D;
			sourceTree = "<group>";
		};
		45ED45D62B16D73A0027A4C4 /* 0x09 */ = {
			isa = PBXGroup;
			children = (
				45ED45D72B16D7680027A4C4 /* BOJ1926.swift */,
				45A41A882B187354008CC0C3 /* BOJ2178.swift */,
				45A41A8A2B18C1DD008CC0C3 /* BOJ7576.swift */,
				456800512B1EB58B00387794 /* BOJ4179.swift */,
				456800532B1EC0E700387794 /* BOJ1697.swift */,
				456800552B1ECB1400387794 /* BOJ1012.swift */,
				456800572B1EFB2800387794 /* BOJ10026.swift */,
				456800592B1F045800387794 /* BOJ7569.swift */,
				457D4B342B21B69900F0371F /* BOJ7562.swift */,
				457D4B362B21BBF800F0371F /* BOJ5427.swift */,
				45F880132B21EF5E00615781 /* BOJ 2206.swift */,
			);
			path = 0x09;
			sourceTree = "<group>";
		};
		45F43DFB2B132C510035C0AD /* 0x08 */ = {
			isa = PBXGroup;
			children = (
				45F43DFC2B132C7A0035C0AD /* BOJ4949.swift */,
				45F43DFE2B132EB00035C0AD /* BOJ3986.swift */,
				45F43E002B1330360035C0AD /* BOJ9012.swift */,
				45F43E022B1335F60035C0AD /* BOJ10799.swift */,
				4566497C2B15600300F6B1AB /* BOJ2504.swift */,
			);
			path = 0x08;
			sourceTree = "<group>";
		};
/* End PBXGroup section */

/* Begin PBXNativeTarget section */
		454809B02AF9CB550032E18B /* Algorithm */ = {
			isa = PBXNativeTarget;
			buildConfigurationList = 454809B82AF9CB550032E18B /* Build configuration list for PBXNativeTarget "Algorithm" */;
			buildPhases = (
				454809AD2AF9CB550032E18B /* Sources */,
				454809AE2AF9CB550032E18B /* Frameworks */,
				454809AF2AF9CB550032E18B /* CopyFiles */,
			);
			buildRules = (
			);
			dependencies = (
			);
			name = Algorithm;
			productName = Algorithm;
			productReference = 454809B12AF9CB550032E18B /* Algorithm */;
			productType = "com.apple.product-type.tool";
		};
/* End PBXNativeTarget section */

/* Begin PBXProject section */
		454809A92AF9CB550032E18B /* Project object */ = {
			isa = PBXProject;
			attributes = {
				BuildIndependentTargetsInParallel = 1;
				LastSwiftUpdateCheck = 1430;
				LastUpgradeCheck = 1430;
				TargetAttributes = {
					454809B02AF9CB550032E18B = {
						CreatedOnToolsVersion = 14.3.1;
					};
				};
			};
			buildConfigurationList = 454809AC2AF9CB550032E18B /* Build configuration list for PBXProject "Algorithm" */;
			compatibilityVersion = "Xcode 14.0";
			developmentRegion = en;
			hasScannedForEncodings = 0;
			knownRegions = (
				en,
				Base,
			);
			mainGroup = 454809A82AF9CB550032E18B;
			productRefGroup = 454809B22AF9CB550032E18B /* Products */;
			projectDirPath = "";
			projectRoot = "";
			targets = (
				454809B02AF9CB550032E18B /* Algorithm */,
			);
		};
/* End PBXProject section */

/* Begin PBXSourcesBuildPhase section */
		454809AD2AF9CB550032E18B /* Sources */ = {
			isa = PBXSourcesBuildPhase;
			buildActionMask = 2147483647;
			files = (
				45792D902B2B33D500FBEAEF /* BOJ11729.swift in Sources */,
				454809B52AF9CB550032E18B /* main.swift in Sources */,
				45792D8E2B2B33AB00FBEAEF /* BOJ1629.swift in Sources */,
			);
			runOnlyForDeploymentPostprocessing = 0;
		};
/* End PBXSourcesBuildPhase section */

/* Begin XCBuildConfiguration section */
		454809B62AF9CB550032E18B /* Debug */ = {
			isa = XCBuildConfiguration;
			buildSettings = {
				ALWAYS_SEARCH_USER_PATHS = NO;
				CLANG_ANALYZER_NONNULL = YES;
				CLANG_ANALYZER_NUMBER_OBJECT_CONVERSION = YES_AGGRESSIVE;
				CLANG_CXX_LANGUAGE_STANDARD = "gnu++20";
				CLANG_ENABLE_MODULES = YES;
				CLANG_ENABLE_OBJC_ARC = YES;
				CLANG_ENABLE_OBJC_WEAK = YES;
				CLANG_WARN_BLOCK_CAPTURE_AUTORELEASING = YES;
				CLANG_WARN_BOOL_CONVERSION = YES;
				CLANG_WARN_COMMA = YES;
				CLANG_WARN_CONSTANT_CONVERSION = YES;
				CLANG_WARN_DEPRECATED_OBJC_IMPLEMENTATIONS = YES;
				CLANG_WARN_DIRECT_OBJC_ISA_USAGE = YES_ERROR;
				CLANG_WARN_DOCUMENTATION_COMMENTS = YES;
				CLANG_WARN_EMPTY_BODY = YES;
				CLANG_WARN_ENUM_CONVERSION = YES;
				CLANG_WARN_INFINITE_RECURSION = YES;
				CLANG_WARN_INT_CONVERSION = YES;
				CLANG_WARN_NON_LITERAL_NULL_CONVERSION = YES;
				CLANG_WARN_OBJC_IMPLICIT_RETAIN_SELF = YES;
				CLANG_WARN_OBJC_LITERAL_CONVERSION = YES;
				CLANG_WARN_OBJC_ROOT_CLASS = YES_ERROR;
				CLANG_WARN_QUOTED_INCLUDE_IN_FRAMEWORK_HEADER = YES;
				CLANG_WARN_RANGE_LOOP_ANALYSIS = YES;
				CLANG_WARN_STRICT_PROTOTYPES = YES;
				CLANG_WARN_SUSPICIOUS_MOVE = YES;
				CLANG_WARN_UNGUARDED_AVAILABILITY = YES_AGGRESSIVE;
				CLANG_WARN_UNREACHABLE_CODE = YES;
				CLANG_WARN__DUPLICATE_METHOD_MATCH = YES;
				COPY_PHASE_STRIP = NO;
				DEBUG_INFORMATION_FORMAT = dwarf;
				ENABLE_STRICT_OBJC_MSGSEND = YES;
				ENABLE_TESTABILITY = YES;
				GCC_C_LANGUAGE_STANDARD = gnu11;
				GCC_DYNAMIC_NO_PIC = NO;
				GCC_NO_COMMON_BLOCKS = YES;
				GCC_OPTIMIZATION_LEVEL = 0;
				GCC_PREPROCESSOR_DEFINITIONS = (
					"DEBUG=1",
					"$(inherited)",
				);
				GCC_WARN_64_TO_32_BIT_CONVERSION = YES;
				GCC_WARN_ABOUT_RETURN_TYPE = YES_ERROR;
				GCC_WARN_UNDECLARED_SELECTOR = YES;
				GCC_WARN_UNINITIALIZED_AUTOS = YES_AGGRESSIVE;
				GCC_WARN_UNUSED_FUNCTION = YES;
				GCC_WARN_UNUSED_VARIABLE = YES;
				MACOSX_DEPLOYMENT_TARGET = 13.0;
				MTL_ENABLE_DEBUG_INFO = INCLUDE_SOURCE;
				MTL_FAST_MATH = YES;
				ONLY_ACTIVE_ARCH = YES;
				SDKROOT = macosx;
				SWIFT_ACTIVE_COMPILATION_CONDITIONS = DEBUG;
				SWIFT_OPTIMIZATION_LEVEL = "-Onone";
			};
			name = Debug;
		};
		454809B72AF9CB550032E18B /* Release */ = {
			isa = XCBuildConfiguration;
			buildSettings = {
				ALWAYS_SEARCH_USER_PATHS = NO;
				CLANG_ANALYZER_NONNULL = YES;
				CLANG_ANALYZER_NUMBER_OBJECT_CONVERSION = YES_AGGRESSIVE;
				CLANG_CXX_LANGUAGE_STANDARD = "gnu++20";
				CLANG_ENABLE_MODULES = YES;
				CLANG_ENABLE_OBJC_ARC = YES;
				CLANG_ENABLE_OBJC_WEAK = YES;
				CLANG_WARN_BLOCK_CAPTURE_AUTORELEASING = YES;
				CLANG_WARN_BOOL_CONVERSION = YES;
				CLANG_WARN_COMMA = YES;
				CLANG_WARN_CONSTANT_CONVERSION = YES;
				CLANG_WARN_DEPRECATED_OBJC_IMPLEMENTATIONS = YES;
				CLANG_WARN_DIRECT_OBJC_ISA_USAGE = YES_ERROR;
				CLANG_WARN_DOCUMENTATION_COMMENTS = YES;
				CLANG_WARN_EMPTY_BODY = YES;
				CLANG_WARN_ENUM_CONVERSION = YES;
				CLANG_WARN_INFINITE_RECURSION = YES;
				CLANG_WARN_INT_CONVERSION = YES;
				CLANG_WARN_NON_LITERAL_NULL_CONVERSION = YES;
				CLANG_WARN_OBJC_IMPLICIT_RETAIN_SELF = YES;
				CLANG_WARN_OBJC_LITERAL_CONVERSION = YES;
				CLANG_WARN_OBJC_ROOT_CLASS = YES_ERROR;
				CLANG_WARN_QUOTED_INCLUDE_IN_FRAMEWORK_HEADER = YES;
				CLANG_WARN_RANGE_LOOP_ANALYSIS = YES;
				CLANG_WARN_STRICT_PROTOTYPES = YES;
				CLANG_WARN_SUSPICIOUS_MOVE = YES;
				CLANG_WARN_UNGUARDED_AVAILABILITY = YES_AGGRESSIVE;
				CLANG_WARN_UNREACHABLE_CODE = YES;
				CLANG_WARN__DUPLICATE_METHOD_MATCH = YES;
				COPY_PHASE_STRIP = NO;
				DEBUG_INFORMATION_FORMAT = "dwarf-with-dsym";
				ENABLE_NS_ASSERTIONS = NO;
				ENABLE_STRICT_OBJC_MSGSEND = YES;
				GCC_C_LANGUAGE_STANDARD = gnu11;
				GCC_NO_COMMON_BLOCKS = YES;
				GCC_WARN_64_TO_32_BIT_CONVERSION = YES;
				GCC_WARN_ABOUT_RETURN_TYPE = YES_ERROR;
				GCC_WARN_UNDECLARED_SELECTOR = YES;
				GCC_WARN_UNINITIALIZED_AUTOS = YES_AGGRESSIVE;
				GCC_WARN_UNUSED_FUNCTION = YES;
				GCC_WARN_UNUSED_VARIABLE = YES;
				MACOSX_DEPLOYMENT_TARGET = 13.0;
				MTL_ENABLE_DEBUG_INFO = NO;
				MTL_FAST_MATH = YES;
				SDKROOT = macosx;
				SWIFT_COMPILATION_MODE = wholemodule;
				SWIFT_OPTIMIZATION_LEVEL = "-O";
			};
			name = Release;
		};
		454809B92AF9CB550032E18B /* Debug */ = {
			isa = XCBuildConfiguration;
			buildSettings = {
				CODE_SIGN_STYLE = Automatic;
				PRODUCT_NAME = "$(TARGET_NAME)";
				SWIFT_VERSION = 5.0;
			};
			name = Debug;
		};
		454809BA2AF9CB550032E18B /* Release */ = {
			isa = XCBuildConfiguration;
			buildSettings = {
				CODE_SIGN_STYLE = Automatic;
				PRODUCT_NAME = "$(TARGET_NAME)";
				SWIFT_VERSION = 5.0;
			};
			name = Release;
		};
/* End XCBuildConfiguration section */

/* Begin XCConfigurationList section */
		454809AC2AF9CB550032E18B /* Build configuration list for PBXProject "Algorithm" */ = {
			isa = XCConfigurationList;
			buildConfigurations = (
				454809B62AF9CB550032E18B /* Debug */,
				454809B72AF9CB550032E18B /* Release */,
			);
			defaultConfigurationIsVisible = 0;
			defaultConfigurationName = Release;
		};
		454809B82AF9CB550032E18B /* Build configuration list for PBXNativeTarget "Algorithm" */ = {
			isa = XCConfigurationList;
			buildConfigurations = (
				454809B92AF9CB550032E18B /* Debug */,
				454809BA2AF9CB550032E18B /* Release */,
			);
			defaultConfigurationIsVisible = 0;
			defaultConfigurationName = Release;
		};
/* End XCConfigurationList section */
	};
	rootObject = 454809A92AF9CB550032E18B /* Project object */;
}
